<?xml version="1.0" encoding="UTF-8" standalone="yes" ?>
<CodeBlocks_project_file>
	<FileVersion major="1" minor="6" />
	<Project>
		<Option title="Sneak" />
		<Option pch_mode="2" />
		<Option compiler="gcc" />
		<Build>
			<Target title="Debug">
				<Option output="bin/Debug/Sneak" prefix_auto="1" extension_auto="1" />
				<Option object_output="obj/Debug/" />
				<Option type="1" />
				<Option compiler="gcc" />
				<Compiler>
					<Add option="-g" />
					<Add option="-DSFML_STAIC" />
					<Add directory="E:/Platformer/include" />
				</Compiler>
				<Linker>
					<Add library="sfml-graphics-s-d" />
					<Add library="sfml-window-s-d" />
					<Add library="sfml-system-s-d" />
					<Add library="opengl32" />
					<Add library="freetype" />
					<Add library="jpeg" />
					<Add library="winmm" />
					<Add library="gdi32" />
				</Linker>
			</Target>
			<Target title="Release">
				<Option output="bin/Release/Sneak" prefix_auto="1" extension_auto="1" />
				<Option object_output="obj/Release/" />
				<Option type="1" />
				<Option compiler="gcc" />
				<Compiler>
					<Add option="-O2" />
				</Compiler>
				<Linker>
					<Add option="-s" />
				</Linker>
			</Target>
		</Build>
		<Compiler>
			<Add option="-Wall" />
			<Add option="-fexceptions" />
		</Compiler>
		<Unit filename="include/GameStates/LevelEditor.hpp" />
		<Unit filename="include/Physics/CollisionDetection.hpp" />
		<Unit filename="include/Primitives/Circle.hpp" />
		<Unit filename="include/Primitives/Matrix.hpp" />
		<Unit filename="include/Primitives/Rectangle.h" />
		<Unit filename="include/Primitives/Vector2.hpp" />
		<Unit filename="include/Primitives/VectorMath.hpp" />
		<Unit filename="include/Tilemap/Layer.hpp" />
		<Unit filename="include/Tilemap/TileMap.hpp" />
		<Unit filename="include/Tilemap/TileSet.hpp" />
		<Unit filename="include/TreeStructures/Node.hpp" />
		<Unit filename="include/UI/GUIStyle.hpp" />
		<Unit filename="include/UI/GUIWidgets.hpp" />
		<Unit filename="include/UI/UI.hpp" />
		<Unit filename="include/XML/tinyxml2.h" />
		<Unit filename="src/Tilemap/TileMap.cpp" />
		<Unit filename="src/Tilemap/TileSet.cpp" />
		<Unit filename="src/UI/GUIStyle.cpp" />
		<Unit filename="src/UI/GUIWidgets.cpp" />
		<Unit filename="src/UI/UI.cpp" />
		<Unit filename="src/XML/tinyxml2.cpp" />
		<Unit filename="src/main.cpp" />
		<Extensions>
			<code_completion />
			<envvars />
			<debugger />
		</Extensions>
	</Project>
</CodeBlocks_project_file>
